// !$*UTF8*$!
{
	archiveVersion = 1;
	classes = {
	};
	objectVersion = 50;
	objects = {

/* Begin PBXBuildFile section */
		063620E4217B7DDB002BCD4A /* AppDelegate.swift in Sources */ = {isa = PBXBuildFile; fileRef = 063620E3217B7DDB002BCD4A /* AppDelegate.swift */; };
		063620E6217B7DDB002BCD4A /* ViewController.swift in Sources */ = {isa = PBXBuildFile; fileRef = 063620E5217B7DDB002BCD4A /* ViewController.swift */; };
		063620E9217B7DDB002BCD4A /* Main.storyboard in Resources */ = {isa = PBXBuildFile; fileRef = 063620E7217B7DDB002BCD4A /* Main.storyboard */; };
		063620EB217B7DDC002BCD4A /* Assets.xcassets in Resources */ = {isa = PBXBuildFile; fileRef = 063620EA217B7DDC002BCD4A /* Assets.xcassets */; };
		063620EE217B7DDC002BCD4A /* LaunchScreen.storyboard in Resources */ = {isa = PBXBuildFile; fileRef = 063620EC217B7DDC002BCD4A /* LaunchScreen.storyboard */; };
		063620F9217B7DDC002BCD4A /* AmbientoTests.swift in Sources */ = {isa = PBXBuildFile; fileRef = 063620F8217B7DDC002BCD4A /* AmbientoTests.swift */; };
		06362104217B7DDC002BCD4A /* AmbientoUITests.swift in Sources */ = {isa = PBXBuildFile; fileRef = 06362103217B7DDC002BCD4A /* AmbientoUITests.swift */; };
		06362112217B7E21002BCD4A /* Podfile in Resources */ = {isa = PBXBuildFile; fileRef = 06362111217B7E20002BCD4A /* Podfile */; };
		06362114217B8624002BCD4A /* Webservice Handler.swift in Sources */ = {isa = PBXBuildFile; fileRef = 06362113217B8624002BCD4A /* Webservice Handler.swift */; };
		06362116217B9A08002BCD4A /* JSONDecodable.swift in Sources */ = {isa = PBXBuildFile; fileRef = 06362115217B9A08002BCD4A /* JSONDecodable.swift */; };
		1142D8A71E860BCA50218810 /* Pods_Ambiento.framework in Frameworks */ = {isa = PBXBuildFile; fileRef = 599D162F23AC80B842C63159 /* Pods_Ambiento.framework */; };
		2EC3A47259135F6CD30EF7FA /* Pods_AmbientoTests.framework in Frameworks */ = {isa = PBXBuildFile; fileRef = DE589E4E8C63759B9DBFE23F /* Pods_AmbientoTests.framework */; };
		556E324744EC01008B5F1BDE /* Pods_AmbientoUITests.framework in Frameworks */ = {isa = PBXBuildFile; fileRef = 89CA18D2FE1FE0AB9A36698C /* Pods_AmbientoUITests.framework */; };
/* End PBXBuildFile section */

/* Begin PBXContainerItemProxy section */
		063620F5217B7DDC002BCD4A /* PBXContainerItemProxy */ = {
			isa = PBXContainerItemProxy;
			containerPortal = 063620D8217B7DDB002BCD4A /* Project object */;
			proxyType = 1;
			remoteGlobalIDString = 063620DF217B7DDB002BCD4A;
			remoteInfo = Ambiento;
		};
		06362100217B7DDC002BCD4A /* PBXContainerItemProxy */ = {
			isa = PBXContainerItemProxy;
			containerPortal = 063620D8217B7DDB002BCD4A /* Project object */;
			proxyType = 1;
			remoteGlobalIDString = 063620DF217B7DDB002BCD4A;
			remoteInfo = Ambiento;
		};
/* End PBXContainerItemProxy section */

/* Begin PBXFileReference section */
		063620E0217B7DDB002BCD4A /* Ambiento.app */ = {isa = PBXFileReference; explicitFileType = wrapper.application; includeInIndex = 0; path = Ambiento.app; sourceTree = BUILT_PRODUCTS_DIR; };
		063620E3217B7DDB002BCD4A /* AppDelegate.swift */ = {isa = PBXFileReference; lastKnownFileType = sourcecode.swift; path = AppDelegate.swift; sourceTree = "<group>"; };
		063620E5217B7DDB002BCD4A /* ViewController.swift */ = {isa = PBXFileReference; lastKnownFileType = sourcecode.swift; path = ViewController.swift; sourceTree = "<group>"; };
		063620E8217B7DDB002BCD4A /* Base */ = {isa = PBXFileReference; lastKnownFileType = file.storyboard; name = Base; path = Base.lproj/Main.storyboard; sourceTree = "<group>"; };
		063620EA217B7DDC002BCD4A /* Assets.xcassets */ = {isa = PBXFileReference; lastKnownFileType = folder.assetcatalog; path = Assets.xcassets; sourceTree = "<group>"; };
		063620ED217B7DDC002BCD4A /* Base */ = {isa = PBXFileReference; lastKnownFileType = file.storyboard; name = Base; path = Base.lproj/LaunchScreen.storyboard; sourceTree = "<group>"; };
		063620EF217B7DDC002BCD4A /* Info.plist */ = {isa = PBXFileReference; lastKnownFileType = text.plist.xml; path = Info.plist; sourceTree = "<group>"; };
		063620F4217B7DDC002BCD4A /* AmbientoTests.xctest */ = {isa = PBXFileReference; explicitFileType = wrapper.cfbundle; includeInIndex = 0; path = AmbientoTests.xctest; sourceTree = BUILT_PRODUCTS_DIR; };
		063620F8217B7DDC002BCD4A /* AmbientoTests.swift */ = {isa = PBXFileReference; lastKnownFileType = sourcecode.swift; path = AmbientoTests.swift; sourceTree = "<group>"; };
		063620FA217B7DDC002BCD4A /* Info.plist */ = {isa = PBXFileReference; lastKnownFileType = text.plist.xml; path = Info.plist; sourceTree = "<group>"; };
		063620FF217B7DDC002BCD4A /* AmbientoUITests.xctest */ = {isa = PBXFileReference; explicitFileType = wrapper.cfbundle; includeInIndex = 0; path = AmbientoUITests.xctest; sourceTree = BUILT_PRODUCTS_DIR; };
		06362103217B7DDC002BCD4A /* AmbientoUITests.swift */ = {isa = PBXFileReference; lastKnownFileType = sourcecode.swift; path = AmbientoUITests.swift; sourceTree = "<group>"; };
		06362105217B7DDC002BCD4A /* Info.plist */ = {isa = PBXFileReference; lastKnownFileType = text.plist.xml; path = Info.plist; sourceTree = "<group>"; };
		06362111217B7E20002BCD4A /* Podfile */ = {isa = PBXFileReference; fileEncoding = 4; lastKnownFileType = text; path = Podfile; sourceTree = "<group>"; xcLanguageSpecificationIdentifier = xcode.lang.ruby; };
		06362113217B8624002BCD4A /* Webservice Handler.swift */ = {isa = PBXFileReference; lastKnownFileType = sourcecode.swift; path = "Webservice Handler.swift"; sourceTree = "<group>"; };
		06362115217B9A08002BCD4A /* JSONDecodable.swift */ = {isa = PBXFileReference; lastKnownFileType = sourcecode.swift; path = JSONDecodable.swift; sourceTree = "<group>"; };
		2957B7F58CAD34B7C59A1911 /* Pods-Ambiento.release.xcconfig */ = {isa = PBXFileReference; includeInIndex = 1; lastKnownFileType = text.xcconfig; name = "Pods-Ambiento.release.xcconfig"; path = "Pods/Target Support Files/Pods-Ambiento/Pods-Ambiento.release.xcconfig"; sourceTree = "<group>"; };
		4E11A3A960FCA9787D2E15C8 /* Pods-Ambiento.debug.xcconfig */ = {isa = PBXFileReference; includeInIndex = 1; lastKnownFileType = text.xcconfig; name = "Pods-Ambiento.debug.xcconfig"; path = "Pods/Target Support Files/Pods-Ambiento/Pods-Ambiento.debug.xcconfig"; sourceTree = "<group>"; };
		599D162F23AC80B842C63159 /* Pods_Ambiento.framework */ = {isa = PBXFileReference; explicitFileType = wrapper.framework; includeInIndex = 0; path = Pods_Ambiento.framework; sourceTree = BUILT_PRODUCTS_DIR; };
		78EF3766BA4FEBC8B9F7EDC1 /* Pods-AmbientoUITests.debug.xcconfig */ = {isa = PBXFileReference; includeInIndex = 1; lastKnownFileType = text.xcconfig; name = "Pods-AmbientoUITests.debug.xcconfig"; path = "Pods/Target Support Files/Pods-AmbientoUITests/Pods-AmbientoUITests.debug.xcconfig"; sourceTree = "<group>"; };
		89CA18D2FE1FE0AB9A36698C /* Pods_AmbientoUITests.framework */ = {isa = PBXFileReference; explicitFileType = wrapper.framework; includeInIndex = 0; path = Pods_AmbientoUITests.framework; sourceTree = BUILT_PRODUCTS_DIR; };
		BE2ECF9820D462AA58ED1063 /* Pods-AmbientoTests.debug.xcconfig */ = {isa = PBXFileReference; includeInIndex = 1; lastKnownFileType = text.xcconfig; name = "Pods-AmbientoTests.debug.xcconfig"; path = "Pods/Target Support Files/Pods-AmbientoTests/Pods-AmbientoTests.debug.xcconfig"; sourceTree = "<group>"; };
		D872922A0D9837715E011843 /* Pods-AmbientoTests.release.xcconfig */ = {isa = PBXFileReference; includeInIndex = 1; lastKnownFileType = text.xcconfig; name = "Pods-AmbientoTests.release.xcconfig"; path = "Pods/Target Support Files/Pods-AmbientoTests/Pods-AmbientoTests.release.xcconfig"; sourceTree = "<group>"; };
		DE589E4E8C63759B9DBFE23F /* Pods_AmbientoTests.framework */ = {isa = PBXFileReference; explicitFileType = wrapper.framework; includeInIndex = 0; path = Pods_AmbientoTests.framework; sourceTree = BUILT_PRODUCTS_DIR; };
		F74B5F416B2C5B9E42D6BA69 /* Pods-AmbientoUITests.release.xcconfig */ = {isa = PBXFileReference; includeInIndex = 1; lastKnownFileType = text.xcconfig; name = "Pods-AmbientoUITests.release.xcconfig"; path = "Pods/Target Support Files/Pods-AmbientoUITests/Pods-AmbientoUITests.release.xcconfig"; sourceTree = "<group>"; };
/* End PBXFileReference section */

/* Begin PBXFrameworksBuildPhase section */
		063620DD217B7DDB002BCD4A /* Frameworks */ = {
			isa = PBXFrameworksBuildPhase;
			buildActionMask = 2147483647;
			files = (
				1142D8A71E860BCA50218810 /* Pods_Ambiento.framework in Frameworks */,
			);
			runOnlyForDeploymentPostprocessing = 0;
		};
		063620F1217B7DDC002BCD4A /* Frameworks */ = {
			isa = PBXFrameworksBuildPhase;
			buildActionMask = 2147483647;
			files = (
				2EC3A47259135F6CD30EF7FA /* Pods_AmbientoTests.framework in Frameworks */,
			);
			runOnlyForDeploymentPostprocessing = 0;
		};
		063620FC217B7DDC002BCD4A /* Frameworks */ = {
			isa = PBXFrameworksBuildPhase;
			buildActionMask = 2147483647;
			files = (
				556E324744EC01008B5F1BDE /* Pods_AmbientoUITests.framework in Frameworks */,
			);
			runOnlyForDeploymentPostprocessing = 0;
		};
/* End PBXFrameworksBuildPhase section */

/* Begin PBXGroup section */
		063620D7217B7DDB002BCD4A = {
			isa = PBXGroup;
			children = (
				06362111217B7E20002BCD4A /* Podfile */,
				063620E2217B7DDB002BCD4A /* Ambiento */,
				063620F7217B7DDC002BCD4A /* AmbientoTests */,
				06362102217B7DDC002BCD4A /* AmbientoUITests */,
				063620E1217B7DDB002BCD4A /* Products */,
				4FAADD4BBC3BBBC0D7CB80D8 /* Pods */,
				E55D7B4535B8B2DB3C624CA3 /* Frameworks */,
			);
			sourceTree = "<group>";
		};
		063620E1217B7DDB002BCD4A /* Products */ = {
			isa = PBXGroup;
			children = (
				063620E0217B7DDB002BCD4A /* Ambiento.app */,
				063620F4217B7DDC002BCD4A /* AmbientoTests.xctest */,
				063620FF217B7DDC002BCD4A /* AmbientoUITests.xctest */,
			);
			name = Products;
			sourceTree = "<group>";
		};
		063620E2217B7DDB002BCD4A /* Ambiento */ = {
			isa = PBXGroup;
			children = (
				063620E3217B7DDB002BCD4A /* AppDelegate.swift */,
				06362115217B9A08002BCD4A /* JSONDecodable.swift */,
				063620E5217B7DDB002BCD4A /* ViewController.swift */,
				063620E7217B7DDB002BCD4A /* Main.storyboard */,
				06362113217B8624002BCD4A /* Webservice Handler.swift */,
				063620EA217B7DDC002BCD4A /* Assets.xcassets */,
				063620EC217B7DDC002BCD4A /* LaunchScreen.storyboard */,
				063620EF217B7DDC002BCD4A /* Info.plist */,
			);
			path = Ambiento;
			sourceTree = "<group>";
		};
		063620F7217B7DDC002BCD4A /* AmbientoTests */ = {
			isa = PBXGroup;
			children = (
				063620F8217B7DDC002BCD4A /* AmbientoTests.swift */,
				063620FA217B7DDC002BCD4A /* Info.plist */,
			);
			path = AmbientoTests;
			sourceTree = "<group>";
		};
		06362102217B7DDC002BCD4A /* AmbientoUITests */ = {
			isa = PBXGroup;
			children = (
				06362103217B7DDC002BCD4A /* AmbientoUITests.swift */,
				06362105217B7DDC002BCD4A /* Info.plist */,
			);
			path = AmbientoUITests;
			sourceTree = "<group>";
		};
		4FAADD4BBC3BBBC0D7CB80D8 /* Pods */ = {
			isa = PBXGroup;
			children = (
				4E11A3A960FCA9787D2E15C8 /* Pods-Ambiento.debug.xcconfig */,
				2957B7F58CAD34B7C59A1911 /* Pods-Ambiento.release.xcconfig */,
				BE2ECF9820D462AA58ED1063 /* Pods-AmbientoTests.debug.xcconfig */,
				D872922A0D9837715E011843 /* Pods-AmbientoTests.release.xcconfig */,
				78EF3766BA4FEBC8B9F7EDC1 /* Pods-AmbientoUITests.debug.xcconfig */,
				F74B5F416B2C5B9E42D6BA69 /* Pods-AmbientoUITests.release.xcconfig */,
			);
			name = Pods;
			sourceTree = "<group>";
		};
		E55D7B4535B8B2DB3C624CA3 /* Frameworks */ = {
			isa = PBXGroup;
			children = (
				599D162F23AC80B842C63159 /* Pods_Ambiento.framework */,
				DE589E4E8C63759B9DBFE23F /* Pods_AmbientoTests.framework */,
				89CA18D2FE1FE0AB9A36698C /* Pods_AmbientoUITests.framework */,
			);
			name = Frameworks;
			sourceTree = "<group>";
		};
/* End PBXGroup section */

/* Begin PBXNativeTarget section */
		063620DF217B7DDB002BCD4A /* Ambiento */ = {
			isa = PBXNativeTarget;
			buildConfigurationList = 06362108217B7DDC002BCD4A /* Build configuration list for PBXNativeTarget "Ambiento" */;
			buildPhases = (
				A3A0D17FDA1A999BBB457B17 /* [CP] Check Pods Manifest.lock */,
				063620DC217B7DDB002BCD4A /* Sources */,
				063620DD217B7DDB002BCD4A /* Frameworks */,
				063620DE217B7DDB002BCD4A /* Resources */,
				D1D94161CC4ECC42CA3DC188 /* [CP] Embed Pods Frameworks */,
			);
			buildRules = (
			);
			dependencies = (
			);
			name = Ambiento;
			productName = Ambiento;
			productReference = 063620E0217B7DDB002BCD4A /* Ambiento.app */;
			productType = "com.apple.product-type.application";
		};
		063620F3217B7DDC002BCD4A /* AmbientoTests */ = {
			isa = PBXNativeTarget;
			buildConfigurationList = 0636210B217B7DDC002BCD4A /* Build configuration list for PBXNativeTarget "AmbientoTests" */;
			buildPhases = (
				D864A555F2BDAEDD65A6A199 /* [CP] Check Pods Manifest.lock */,
				063620F0217B7DDC002BCD4A /* Sources */,
				063620F1217B7DDC002BCD4A /* Frameworks */,
				063620F2217B7DDC002BCD4A /* Resources */,
				A83E5D78E8F993D31211EAAA /* [CP] Embed Pods Frameworks */,
			);
			buildRules = (
			);
			dependencies = (
				063620F6217B7DDC002BCD4A /* PBXTargetDependency */,
			);
			name = AmbientoTests;
			productName = AmbientoTests;
			productReference = 063620F4217B7DDC002BCD4A /* AmbientoTests.xctest */;
			productType = "com.apple.product-type.bundle.unit-test";
		};
		063620FE217B7DDC002BCD4A /* AmbientoUITests */ = {
			isa = PBXNativeTarget;
			buildConfigurationList = 0636210E217B7DDC002BCD4A /* Build configuration list for PBXNativeTarget "AmbientoUITests" */;
			buildPhases = (
				4A4DF8486A02399359653DD8 /* [CP] Check Pods Manifest.lock */,
				063620FB217B7DDC002BCD4A /* Sources */,
				063620FC217B7DDC002BCD4A /* Frameworks */,
				063620FD217B7DDC002BCD4A /* Resources */,
				D884ACC0ADE5477315508A62 /* [CP] Embed Pods Frameworks */,
			);
			buildRules = (
			);
			dependencies = (
				06362101217B7DDC002BCD4A /* PBXTargetDependency */,
			);
			name = AmbientoUITests;
			productName = AmbientoUITests;
			productReference = 063620FF217B7DDC002BCD4A /* AmbientoUITests.xctest */;
			productType = "com.apple.product-type.bundle.ui-testing";
		};
/* End PBXNativeTarget section */

/* Begin PBXProject section */
		063620D8217B7DDB002BCD4A /* Project object */ = {
			isa = PBXProject;
			attributes = {
				LastSwiftUpdateCheck = 1010;
				LastUpgradeCheck = 1010;
				ORGANIZATIONNAME = JugendHackt;
				TargetAttributes = {
					063620DF217B7DDB002BCD4A = {
						CreatedOnToolsVersion = 10.1;
					};
					063620F3217B7DDC002BCD4A = {
						CreatedOnToolsVersion = 10.1;
						TestTargetID = 063620DF217B7DDB002BCD4A;
					};
					063620FE217B7DDC002BCD4A = {
						CreatedOnToolsVersion = 10.1;
						TestTargetID = 063620DF217B7DDB002BCD4A;
					};
				};
			};
			buildConfigurationList = 063620DB217B7DDB002BCD4A /* Build configuration list for PBXProject "Ambiento" */;
			compatibilityVersion = "Xcode 9.3";
			developmentRegion = en;
			hasScannedForEncodings = 0;
			knownRegions = (
				en,
				Base,
			);
			mainGroup = 063620D7217B7DDB002BCD4A;
			productRefGroup = 063620E1217B7DDB002BCD4A /* Products */;
			projectDirPath = "";
			projectRoot = "";
			targets = (
				063620DF217B7DDB002BCD4A /* Ambiento */,
				063620F3217B7DDC002BCD4A /* AmbientoTests */,
				063620FE217B7DDC002BCD4A /* AmbientoUITests */,
			);
		};
/* End PBXProject section */

/* Begin PBXResourcesBuildPhase section */
		063620DE217B7DDB002BCD4A /* Resources */ = {
			isa = PBXResourcesBuildPhase;
			buildActionMask = 2147483647;
			files = (
				063620EE217B7DDC002BCD4A /* LaunchScreen.storyboard in Resources */,
				063620EB217B7DDC002BCD4A /* Assets.xcassets in Resources */,
				06362112217B7E21002BCD4A /* Podfile in Resources */,
				063620E9217B7DDB002BCD4A /* Main.storyboard in Resources */,
			);
			runOnlyForDeploymentPostprocessing = 0;
		};
		063620F2217B7DDC002BCD4A /* Resources */ = {
			isa = PBXResourcesBuildPhase;
			buildActionMask = 2147483647;
			files = (
			);
			runOnlyForDeploymentPostprocessing = 0;
		};
		063620FD217B7DDC002BCD4A /* Resources */ = {
			isa = PBXResourcesBuildPhase;
			buildActionMask = 2147483647;
			files = (
			);
			runOnlyForDeploymentPostprocessing = 0;
		};
/* End PBXResourcesBuildPhase section */

/* Begin PBXShellScriptBuildPhase section */
		4A4DF8486A02399359653DD8 /* [CP] Check Pods Manifest.lock */ = {
			isa = PBXShellScriptBuildPhase;
			buildActionMask = 2147483647;
			files = (
			);
			inputPaths = (
				"${PODS_PODFILE_DIR_PATH}/Podfile.lock",
				"${PODS_ROOT}/Manifest.lock",
			);
			name = "[CP] Check Pods Manifest.lock";
			outputPaths = (
				"$(DERIVED_FILE_DIR)/Pods-AmbientoUITests-checkManifestLockResult.txt",
			);
			runOnlyForDeploymentPostprocessing = 0;
			shellPath = /bin/sh;
			shellScript = "diff \"${PODS_PODFILE_DIR_PATH}/Podfile.lock\" \"${PODS_ROOT}/Manifest.lock\" > /dev/null\nif [ $? != 0 ] ; then\n    # print error to STDERR\n    echo \"error: The sandbox is not in sync with the Podfile.lock. Run 'pod install' or update your CocoaPods installation.\" >&2\n    exit 1\nfi\n# This output is used by Xcode 'outputs' to avoid re-running this script phase.\necho \"SUCCESS\" > \"${SCRIPT_OUTPUT_FILE_0}\"\n";
			showEnvVarsInLog = 0;
		};
		A3A0D17FDA1A999BBB457B17 /* [CP] Check Pods Manifest.lock */ = {
			isa = PBXShellScriptBuildPhase;
			buildActionMask = 2147483647;
			files = (
			);
			inputPaths = (
				"${PODS_PODFILE_DIR_PATH}/Podfile.lock",
				"${PODS_ROOT}/Manifest.lock",
			);
			name = "[CP] Check Pods Manifest.lock";
			outputPaths = (
				"$(DERIVED_FILE_DIR)/Pods-Ambiento-checkManifestLockResult.txt",
			);
			runOnlyForDeploymentPostprocessing = 0;
			shellPath = /bin/sh;
			shellScript = "diff \"${PODS_PODFILE_DIR_PATH}/Podfile.lock\" \"${PODS_ROOT}/Manifest.lock\" > /dev/null\nif [ $? != 0 ] ; then\n    # print error to STDERR\n    echo \"error: The sandbox is not in sync with the Podfile.lock. Run 'pod install' or update your CocoaPods installation.\" >&2\n    exit 1\nfi\n# This output is used by Xcode 'outputs' to avoid re-running this script phase.\necho \"SUCCESS\" > \"${SCRIPT_OUTPUT_FILE_0}\"\n";
			showEnvVarsInLog = 0;
		};
		A83E5D78E8F993D31211EAAA /* [CP] Embed Pods Frameworks */ = {
			isa = PBXShellScriptBuildPhase;
			buildActionMask = 2147483647;
			files = (
			);
			inputPaths = (
				"${SRCROOT}/Pods/Target Support Files/Pods-AmbientoTests/Pods-AmbientoTests-frameworks.sh",
				"${BUILT_PRODUCTS_DIR}/Alamofire/Alamofire.framework",
				"${BUILT_PRODUCTS_DIR}/SlideMenuControllerSwift/SlideMenuControllerSwift.framework",
			);
			name = "[CP] Embed Pods Frameworks";
			outputPaths = (
				"${TARGET_BUILD_DIR}/${FRAMEWORKS_FOLDER_PATH}/Alamofire.framework",
				"${TARGET_BUILD_DIR}/${FRAMEWORKS_FOLDER_PATH}/SlideMenuControllerSwift.framework",
			);
			runOnlyForDeploymentPostprocessing = 0;
			shellPath = /bin/sh;
			shellScript = "\"${SRCROOT}/Pods/Target Support Files/Pods-AmbientoTests/Pods-AmbientoTests-frameworks.sh\"\n";
			showEnvVarsInLog = 0;
		};
		D1D94161CC4ECC42CA3DC188 /* [CP] Embed Pods Frameworks */ = {
			isa = PBXShellScriptBuildPhase;
			buildActionMask = 2147483647;
			files = (
			);
			inputPaths = (
				"${SRCROOT}/Pods/Target Support Files/Pods-Ambiento/Pods-Ambiento-frameworks.sh",
				"${BUILT_PRODUCTS_DIR}/Alamofire/Alamofire.framework",
				"${BUILT_PRODUCTS_DIR}/SlideMenuControllerSwift/SlideMenuControllerSwift.framework",
			);
			name = "[CP] Embed Pods Frameworks";
			outputPaths = (
				"${TARGET_BUILD_DIR}/${FRAMEWORKS_FOLDER_PATH}/Alamofire.framework",
				"${TARGET_BUILD_DIR}/${FRAMEWORKS_FOLDER_PATH}/SlideMenuControllerSwift.framework",
			);
			runOnlyForDeploymentPostprocessing = 0;
			shellPath = /bin/sh;
			shellScript = "\"${SRCROOT}/Pods/Target Support Files/Pods-Ambiento/Pods-Ambiento-frameworks.sh\"\n";
			showEnvVarsInLog = 0;
		};
		D864A555F2BDAEDD65A6A199 /* [CP] Check Pods Manifest.lock */ = {
			isa = PBXShellScriptBuildPhase;
			buildActionMask = 2147483647;
			files = (
			);
			inputPaths = (
				"${PODS_PODFILE_DIR_PATH}/Podfile.lock",
				"${PODS_ROOT}/Manifest.lock",
			);
			name = "[CP] Check Pods Manifest.lock";
			outputPaths = (
				"$(DERIVED_FILE_DIR)/Pods-AmbientoTests-checkManifestLockResult.txt",
			);
			runOnlyForDeploymentPostprocessing = 0;
			shellPath = /bin/sh;
			shellScript = "diff \"${PODS_PODFILE_DIR_PATH}/Podfile.lock\" \"${PODS_ROOT}/Manifest.lock\" > /dev/null\nif [ $? != 0 ] ; then\n    # print error to STDERR\n    echo \"error: The sandbox is not in sync with the Podfile.lock. Run 'pod install' or update your CocoaPods installation.\" >&2\n    exit 1\nfi\n# This output is used by Xcode 'outputs' to avoid re-running this script phase.\necho \"SUCCESS\" > \"${SCRIPT_OUTPUT_FILE_0}\"\n";
			showEnvVarsInLog = 0;
		};
		D884ACC0ADE5477315508A62 /* [CP] Embed Pods Frameworks */ = {
			isa = PBXShellScriptBuildPhase;
			buildActionMask = 2147483647;
			files = (
			);
			inputPaths = (
				"${SRCROOT}/Pods/Target Support Files/Pods-AmbientoUITests/Pods-AmbientoUITests-frameworks.sh",
				"${BUILT_PRODUCTS_DIR}/Alamofire/Alamofire.framework",
				"${BUILT_PRODUCTS_DIR}/SlideMenuControllerSwift/SlideMenuControllerSwift.framework",
			);
			name = "[CP] Embed Pods Frameworks";
			outputPaths = (
				"${TARGET_BUILD_DIR}/${FRAMEWORKS_FOLDER_PATH}/Alamofire.framework",
				"${TARGET_BUILD_DIR}/${FRAMEWORKS_FOLDER_PATH}/SlideMenuControllerSwift.framework",
			);
			runOnlyForDeploymentPostprocessing = 0;
			shellPath = /bin/sh;
			shellScript = "\"${SRCROOT}/Pods/Target Support Files/Pods-AmbientoUITests/Pods-AmbientoUITests-frameworks.sh\"\n";
			showEnvVarsInLog = 0;
		};
/* End PBXShellScriptBuildPhase section */

/* Begin PBXSourcesBuildPhase section */
		063620DC217B7DDB002BCD4A /* Sources */ = {
			isa = PBXSourcesBuildPhase;
			buildActionMask = 2147483647;
			files = (
				063620E6217B7DDB002BCD4A /* ViewController.swift in Sources */,
				063620E4217B7DDB002BCD4A /* AppDelegate.swift in Sources */,
				06362114217B8624002BCD4A /* Webservice Handler.swift in Sources */,
				06362116217B9A08002BCD4A /* JSONDecodable.swift in Sources */,
			);
			runOnlyForDeploymentPostprocessing = 0;
		};
		063620F0217B7DDC002BCD4A /* Sources */ = {
			isa = PBXSourcesBuildPhase;
			buildActionMask = 2147483647;
			files = (
				063620F9217B7DDC002BCD4A /* AmbientoTests.swift in Sources */,
			);
			runOnlyForDeploymentPostprocessing = 0;
		};
		063620FB217B7DDC002BCD4A /* Sources */ = {
			isa = PBXSourcesBuildPhase;
			buildActionMask = 2147483647;
			files = (
				06362104217B7DDC002BCD4A /* AmbientoUITests.swift in Sources */,
			);
			runOnlyForDeploymentPostprocessing = 0;
		};
/* End PBXSourcesBuildPhase section */

/* Begin PBXTargetDependency section */
		063620F6217B7DDC002BCD4A /* PBXTargetDependency */ = {
			isa = PBXTargetDependency;
			target = 063620DF217B7DDB002BCD4A /* Ambiento */;
			targetProxy = 063620F5217B7DDC002BCD4A /* PBXContainerItemProxy */;
		};
		06362101217B7DDC002BCD4A /* PBXTargetDependency */ = {
			isa = PBXTargetDependency;
			target = 063620DF217B7DDB002BCD4A /* Ambiento */;
			targetProxy = 06362100217B7DDC002BCD4A /* PBXContainerItemProxy */;
		};
/* End PBXTargetDependency section */

/* Begin PBXVariantGroup section */
		063620E7217B7DDB002BCD4A /* Main.storyboard */ = {
			isa = PBXVariantGroup;
			children = (
				063620E8217B7DDB002BCD4A /* Base */,
			);
			name = Main.storyboard;
			sourceTree = "<group>";
		};
		063620EC217B7DDC002BCD4A /* LaunchScreen.storyboard */ = {
			isa = PBXVariantGroup;
			children = (
				063620ED217B7DDC002BCD4A /* Base */,
			);
			name = LaunchScreen.storyboard;
			sourceTree = "<group>";
		};
/* End PBXVariantGroup section */

/* Begin XCBuildConfiguration section */
		06362106217B7DDC002BCD4A /* Debug */ = {
			isa = XCBuildConfiguration;
			buildSettings = {
				ALWAYS_SEARCH_USER_PATHS = NO;
				CLANG_ANALYZER_NONNULL = YES;
				CLANG_ANALYZER_NUMBER_OBJECT_CONVERSION = YES_AGGRESSIVE;
				CLANG_CXX_LANGUAGE_STANDARD = "gnu++14";
				CLANG_CXX_LIBRARY = "libc++";
				CLANG_ENABLE_MODULES = YES;
				CLANG_ENABLE_OBJC_ARC = YES;
				CLANG_ENABLE_OBJC_WEAK = YES;
				CLANG_WARN_BLOCK_CAPTURE_AUTORELEASING = YES;
				CLANG_WARN_BOOL_CONVERSION = YES;
				CLANG_WARN_COMMA = YES;
				CLANG_WARN_CONSTANT_CONVERSION = YES;
				CLANG_WARN_DEPRECATED_OBJC_IMPLEMENTATIONS = YES;
				CLANG_WARN_DIRECT_OBJC_ISA_USAGE = YES_ERROR;
				CLANG_WARN_DOCUMENTATION_COMMENTS = YES;
				CLANG_WARN_EMPTY_BODY = YES;
				CLANG_WARN_ENUM_CONVERSION = YES;
				CLANG_WARN_INFINITE_RECURSION = YES;
				CLANG_WARN_INT_CONVERSION = YES;
				CLANG_WARN_NON_LITERAL_NULL_CONVERSION = YES;
				CLANG_WARN_OBJC_IMPLICIT_RETAIN_SELF = YES;
				CLANG_WARN_OBJC_LITERAL_CONVERSION = YES;
				CLANG_WARN_OBJC_ROOT_CLASS = YES_ERROR;
				CLANG_WARN_RANGE_LOOP_ANALYSIS = YES;
				CLANG_WARN_STRICT_PROTOTYPES = YES;
				CLANG_WARN_SUSPICIOUS_MOVE = YES;
				CLANG_WARN_UNGUARDED_AVAILABILITY = YES_AGGRESSIVE;
				CLANG_WARN_UNREACHABLE_CODE = YES;
				CLANG_WARN__DUPLICATE_METHOD_MATCH = YES;
				CODE_SIGN_IDENTITY = "iPhone Developer";
				COPY_PHASE_STRIP = NO;
				DEBUG_INFORMATION_FORMAT = dwarf;
				ENABLE_STRICT_OBJC_MSGSEND = YES;
				ENABLE_TESTABILITY = YES;
				GCC_C_LANGUAGE_STANDARD = gnu11;
				GCC_DYNAMIC_NO_PIC = NO;
				GCC_NO_COMMON_BLOCKS = YES;
				GCC_OPTIMIZATION_LEVEL = 0;
				GCC_PREPROCESSOR_DEFINITIONS = (
					"DEBUG=1",
					"$(inherited)",
				);
				GCC_WARN_64_TO_32_BIT_CONVERSION = YES;
				GCC_WARN_ABOUT_RETURN_TYPE = YES_ERROR;
				GCC_WARN_UNDECLARED_SELECTOR = YES;
				GCC_WARN_UNINITIALIZED_AUTOS = YES_AGGRESSIVE;
				GCC_WARN_UNUSED_FUNCTION = YES;
				GCC_WARN_UNUSED_VARIABLE = YES;
				IPHONEOS_DEPLOYMENT_TARGET = 12.1;
				MTL_ENABLE_DEBUG_INFO = INCLUDE_SOURCE;
				MTL_FAST_MATH = YES;
				ONLY_ACTIVE_ARCH = YES;
				SDKROOT = iphoneos;
				SWIFT_ACTIVE_COMPILATION_CONDITIONS = DEBUG;
				SWIFT_OPTIMIZATION_LEVEL = "-Onone";
			};
			name = Debug;
		};
		06362107217B7DDC002BCD4A /* Release */ = {
			isa = XCBuildConfiguration;
			buildSettings = {
				ALWAYS_SEARCH_USER_PATHS = NO;
				CLANG_ANALYZER_NONNULL = YES;
				CLANG_ANALYZER_NUMBER_OBJECT_CONVERSION = YES_AGGRESSIVE;
				CLANG_CXX_LANGUAGE_STANDARD = "gnu++14";
				CLANG_CXX_LIBRARY = "libc++";
				CLANG_ENABLE_MODULES = YES;
				CLANG_ENABLE_OBJC_ARC = YES;
				CLANG_ENABLE_OBJC_WEAK = YES;
				CLANG_WARN_BLOCK_CAPTURE_AUTORELEASING = YES;
				CLANG_WARN_BOOL_CONVERSION = YES;
				CLANG_WARN_COMMA = YES;
				CLANG_WARN_CONSTANT_CONVERSION = YES;
				CLANG_WARN_DEPRECATED_OBJC_IMPLEMENTATIONS = YES;
				CLANG_WARN_DIRECT_OBJC_ISA_USAGE = YES_ERROR;
				CLANG_WARN_DOCUMENTATION_COMMENTS = YES;
				CLANG_WARN_EMPTY_BODY = YES;
				CLANG_WARN_ENUM_CONVERSION = YES;
				CLANG_WARN_INFINITE_RECURSION = YES;
				CLANG_WARN_INT_CONVERSION = YES;
				CLANG_WARN_NON_LITERAL_NULL_CONVERSION = YES;
				CLANG_WARN_OBJC_IMPLICIT_RETAIN_SELF = YES;
				CLANG_WARN_OBJC_LITERAL_CONVERSION = YES;
				CLANG_WARN_OBJC_ROOT_CLASS = YES_ERROR;
				CLANG_WARN_RANGE_LOOP_ANALYSIS = YES;
				CLANG_WARN_STRICT_PROTOTYPES = YES;
				CLANG_WARN_SUSPICIOUS_MOVE = YES;
				CLANG_WARN_UNGUARDED_AVAILABILITY = YES_AGGRESSIVE;
				CLANG_WARN_UNREACHABLE_CODE = YES;
				CLANG_WARN__DUPLICATE_METHOD_MATCH = YES;
				CODE_SIGN_IDENTITY = "iPhone Developer";
				COPY_PHASE_STRIP = NO;
				DEBUG_INFORMATION_FORMAT = "dwarf-with-dsym";
				ENABLE_NS_ASSERTIONS = NO;
				ENABLE_STRICT_OBJC_MSGSEND = YES;
				GCC_C_LANGUAGE_STANDARD = gnu11;
				GCC_NO_COMMON_BLOCKS = YES;
				GCC_WARN_64_TO_32_BIT_CONVERSION = YES;
				GCC_WARN_ABOUT_RETURN_TYPE = YES_ERROR;
				GCC_WARN_UNDECLARED_SELECTOR = YES;
				GCC_WARN_UNINITIALIZED_AUTOS = YES_AGGRESSIVE;
				GCC_WARN_UNUSED_FUNCTION = YES;
				GCC_WARN_UNUSED_VARIABLE = YES;
				IPHONEOS_DEPLOYMENT_TARGET = 12.1;
				MTL_ENABLE_DEBUG_INFO = NO;
				MTL_FAST_MATH = YES;
				SDKROOT = iphoneos;
				SWIFT_COMPILATION_MODE = wholemodule;
				SWIFT_OPTIMIZATION_LEVEL = "-O";
				VALIDATE_PRODUCT = YES;
			};
			name = Release;
		};
		06362109217B7DDC002BCD4A /* Debug */ = {
			isa = XCBuildConfiguration;
			baseConfigurationReference = 4E11A3A960FCA9787D2E15C8 /* Pods-Ambiento.debug.xcconfig */;
			buildSettings = {
				ASSETCATALOG_COMPILER_APPICON_NAME = AppIcon;
				CODE_SIGN_STYLE = Automatic;
				DEVELOPMENT_TEAM = 2A429URLQW;
				INFOPLIST_FILE = Ambiento/Info.plist;
				LD_RUNPATH_SEARCH_PATHS = (
					"$(inherited)",
					"@executable_path/Frameworks",
				);
				PRODUCT_BUNDLE_IDENTIFIER = org.jugendhackt.Ambiento;
				PRODUCT_NAME = "$(TARGET_NAME)";
				SWIFT_VERSION = 4.2;
				TARGETED_DEVICE_FAMILY = "1,2";
			};
			name = Debug;
		};
		0636210A217B7DDC002BCD4A /* Release */ = {
			isa = XCBuildConfiguration;
			baseConfigurationReference = 2957B7F58CAD34B7C59A1911 /* Pods-Ambiento.release.xcconfig */;
			buildSettings = {
				ASSETCATALOG_COMPILER_APPICON_NAME = AppIcon;
				CODE_SIGN_STYLE = Automatic;
				DEVELOPMENT_TEAM = 2A429URLQW;
				INFOPLIST_FILE = Ambiento/Info.plist;
				LD_RUNPATH_SEARCH_PATHS = (
					"$(inherited)",
					"@executable_path/Frameworks",
				);
				PRODUCT_BUNDLE_IDENTIFIER = org.jugendhackt.Ambiento;
				PRODUCT_NAME = "$(TARGET_NAME)";
				SWIFT_VERSION = 4.2;
				TARGETED_DEVICE_FAMILY = "1,2";
			};
			name = Release;
		};
		0636210C217B7DDC002BCD4A /* Debug */ = {
			isa = XCBuildConfiguration;
			baseConfigurationReference = BE2ECF9820D462AA58ED1063 /* Pods-AmbientoTests.debug.xcconfig */;
			buildSettings = {
				ALWAYS_EMBED_SWIFT_STANDARD_LIBRARIES = YES;
				BUNDLE_LOADER = "$(TEST_HOST)";
				CODE_SIGN_STYLE = Automatic;
				DEVELOPMENT_TEAM = 2A429URLQW;
				INFOPLIST_FILE = AmbientoTests/Info.plist;
				LD_RUNPATH_SEARCH_PATHS = (
					"$(inherited)",
					"@executable_path/Frameworks",
					"@loader_path/Frameworks",
				);
				PRODUCT_BUNDLE_IDENTIFIER = org.jugendhackt.AmbientoTests;
				PRODUCT_NAME = "$(TARGET_NAME)";
				SWIFT_VERSION = 4.2;
				TARGETED_DEVICE_FAMILY = "1,2";
				TEST_HOST = "$(BUILT_PRODUCTS_DIR)/Ambiento.app/Ambiento";
			};
			name = Debug;
		};
		0636210D217B7DDC002BCD4A /* Release */ = {
			isa = XCBuildConfiguration;
			baseConfigurationReference = D872922A0D9837715E011843 /* Pods-AmbientoTests.release.xcconfig */;
			buildSettings = {
				ALWAYS_EMBED_SWIFT_STANDARD_LIBRARIES = YES;
				BUNDLE_LOADER = "$(TEST_HOST)";
				CODE_SIGN_STYLE = Automatic;
				DEVELOPMENT_TEAM = 2A429URLQW;
				INFOPLIST_FILE = AmbientoTests/Info.plist;
				LD_RUNPATH_SEARCH_PATHS = (
					"$(inherited)",
					"@executable_path/Frameworks",
					"@loader_path/Frameworks",
				);
				PRODUCT_BUNDLE_IDENTIFIER = org.jugendhackt.AmbientoTests;
				PRODUCT_NAME = "$(TARGET_NAME)";
				SWIFT_VERSION = 4.2;
				TARGETED_DEVICE_FAMILY = "1,2";
				TEST_HOST = "$(BUILT_PRODUCTS_DIR)/Ambiento.app/Ambiento";
			};
			name = Release;
		};
		0636210F217B7DDC002BCD4A /* Debug */ = {
			isa = XCBuildConfiguration;
			baseConfigurationReference = 78EF3766BA4FEBC8B9F7EDC1 /* Pods-AmbientoUITests.debug.xcconfig */;
			buildSettings = {
				ALWAYS_EMBED_SWIFT_STANDARD_LIBRARIES = YES;
				CODE_SIGN_STYLE = Automatic;
				DEVELOPMENT_TEAM = 2A429URLQW;
				INFOPLIST_FILE = AmbientoUITests/Info.plist;
				LD_RUNPATH_SEARCH_PATHS = (
					"$(inherited)",
					"@executable_path/Frameworks",
					"@loader_path/Frameworks",
				);
				PRODUCT_BUNDLE_IDENTIFIER = org.jugendhackt.AmbientoUITests;
				PRODUCT_NAME = "$(TARGET_NAME)";
				SWIFT_VERSION = 4.2;
				TARGETED_DEVICE_FAMILY = "1,2";
				TEST_TARGET_NAME = Ambiento;
			};
			name = Debug;
		};
		06362110217B7DDC002BCD4A /* Release */ = {
			isa = XCBuildConfiguration;
			baseConfigurationReference = F74B5F416B2C5B9E42D6BA69 /* Pods-AmbientoUITests.release.xcconfig */;
			buildSettings = {
				ALWAYS_EMBED_SWIFT_STANDARD_LIBRARIES = YES;
				CODE_SIGN_STYLE = Automatic;
				DEVELOPMENT_TEAM = 2A429URLQW;
				INFOPLIST_FILE = AmbientoUITests/Info.plist;
				LD_RUNPATH_SEARCH_PATHS = (
					"$(inherited)",
					"@executable_path/Frameworks",
					"@loader_path/Frameworks",
				);
				PRODUCT_BUNDLE_IDENTIFIER = org.jugendhackt.AmbientoUITests;
				PRODUCT_NAME = "$(TARGET_NAME)";
				SWIFT_VERSION = 4.2;
				TARGETED_DEVICE_FAMILY = "1,2";
				TEST_TARGET_NAME = Ambiento;
			};
			name = Release;
		};
/* End XCBuildConfiguration section */

/* Begin XCConfigurationList section */
		063620DB217B7DDB002BCD4A /* Build configuration list for PBXProject "Ambiento" */ = {
			isa = XCConfigurationList;
			buildConfigurations = (
				06362106217B7DDC002BCD4A /* Debug */,
				06362107217B7DDC002BCD4A /* Release */,
			);
			defaultConfigurationIsVisible = 0;
			defaultConfigurationName = Release;
		};
		06362108217B7DDC002BCD4A /* Build configuration list for PBXNativeTarget "Ambiento" */ = {
			isa = XCConfigurationList;
			buildConfigurations = (
				06362109217B7DDC002BCD4A /* Debug */,
				0636210A217B7DDC002BCD4A /* Release */,
			);
			defaultConfigurationIsVisible = 0;
			defaultConfigurationName = Release;
		};
		0636210B217B7DDC002BCD4A /* Build configuration list for PBXNativeTarget "AmbientoTests" */ = {
			isa = XCConfigurationList;
			buildConfigurations = (
				0636210C217B7DDC002BCD4A /* Debug */,
				0636210D217B7DDC002BCD4A /* Release */,
			);
			defaultConfigurationIsVisible = 0;
			defaultConfigurationName = Release;
		};
		0636210E217B7DDC002BCD4A /* Build configuration list for PBXNativeTarget "AmbientoUITests" */ = {
			isa = XCConfigurationList;
			buildConfigurations = (
				0636210F217B7DDC002BCD4A /* Debug */,
				06362110217B7DDC002BCD4A /* Release */,
			);
			defaultConfigurationIsVisible = 0;
			defaultConfigurationName = Release;
		};
/* End XCConfigurationList section */
	};
	rootObject = 063620D8217B7DDB002BCD4A /* Project object */;
}
